
Microsoft Visual Studio Solution File, Format Version 12.00
# Visual Studio Version 16
VisualStudioVersion = 16.0.30907.101
MinimumVisualStudioVersion = 10.0.40219.1
Project("{FAE04EC0-301F-11D3-BF4B-00C04F79EFBC}") = "Davaleba 1", "Davaleba 1.csproj", "{3DD33B22-80C5-446F-BB7D-6A34A959BC91}"
EndProject
Global
	GlobalSection(SolutionConfigurationPlatforms) = preSolution
		Debug|Any CPU = Debug|Any CPU
		Release|Any CPU = Release|Any CPU
	EndGlobalSection
	GlobalSection(ProjectConfigurationPlatforms) = postSolution
		{3DD33B22-80C5-446F-BB7D-6A34A959BC91}.Debug|Any CPU.ActiveCfg = Debug|Any CPU
		{3DD33B22-80C5-446F-BB7D-6A34A959BC91}.Debug|Any CPU.Build.0 = Debug|Any CPU
		{3DD33B22-80C5-446F-BB7D-6A34A959BC91}.Release|Any CPU.ActiveCfg = Release|Any CPU
		{3DD33B22-80C5-446F-BB7D-6A34A959BC91}.Release|Any CPU.Build.0 = Release|Any CPU
	EndGlobalSection
	GlobalSection(SolutionProperties) = preSolution
		HideSolutionNode = FALSE
	EndGlobalSection
	GlobalSection(ExtensibilityGlobals) = postSolution
		SolutionGuid = {72E05C0E-5FAF-4471-BF38-F2000853E38A}
	EndGlobalSection
EndGlobal
